
Microsoft Visual Studio Solution File, Format Version 12.00
# Visual Studio Version 17
VisualStudioVersion = 17.11.35208.52
MinimumVisualStudioVersion = 10.0.40219.1
Project("{FAE04EC0-301F-11D3-BF4B-00C04F79EFBC}") = "Asynchronous-Example1", "Asynchronous-Example1.csproj", "{B31EDCAD-DCAA-45C3-B5BF-8AC6601A0A24}"
EndProject
Global
	GlobalSection(SolutionConfigurationPlatforms) = preSolution
		Debug|Any CPU = Debug|Any CPU
		Release|Any CPU = Release|Any CPU
	EndGlobalSection
	GlobalSection(ProjectConfigurationPlatforms) = postSolution
		{B31EDCAD-DCAA-45C3-B5BF-8AC6601A0A24}.Debug|Any CPU.ActiveCfg = Debug|Any CPU
		{B31EDCAD-DCAA-45C3-B5BF-8AC6601A0A24}.Debug|Any CPU.Build.0 = Debug|Any CPU
		{B31EDCAD-DCAA-45C3-B5BF-8AC6601A0A24}.Release|Any CPU.ActiveCfg = Release|Any CPU
		{B31EDCAD-DCAA-45C3-B5BF-8AC6601A0A24}.Release|Any CPU.Build.0 = Release|Any CPU
	EndGlobalSection
	GlobalSection(SolutionProperties) = preSolution
		HideSolutionNode = FALSE
	EndGlobalSection
	GlobalSection(ExtensibilityGlobals) = postSolution
		SolutionGuid = {B2B0D741-BB98-4D7E-BE34-C497B4A373AC}
	EndGlobalSection
EndGlobal
