
Microsoft Visual Studio Solution File, Format Version 12.00
# Visual Studio Version 17
VisualStudioVersion = 17.11.35208.52
MinimumVisualStudioVersion = 10.0.40219.1
Project("{FAE04EC0-301F-11D3-BF4B-00C04F79EFBC}") = "Asynchronous_Example3-Delegate", "Asynchronous_Example3-Delegate.csproj", "{33B3886E-2A80-42EB-BEE2-5D38598499F9}"
EndProject
Global
	GlobalSection(SolutionConfigurationPlatforms) = preSolution
		Debug|Any CPU = Debug|Any CPU
		Release|Any CPU = Release|Any CPU
	EndGlobalSection
	GlobalSection(ProjectConfigurationPlatforms) = postSolution
		{33B3886E-2A80-42EB-BEE2-5D38598499F9}.Debug|Any CPU.ActiveCfg = Debug|Any CPU
		{33B3886E-2A80-42EB-BEE2-5D38598499F9}.Debug|Any CPU.Build.0 = Debug|Any CPU
		{33B3886E-2A80-42EB-BEE2-5D38598499F9}.Release|Any CPU.ActiveCfg = Release|Any CPU
		{33B3886E-2A80-42EB-BEE2-5D38598499F9}.Release|Any CPU.Build.0 = Release|Any CPU
	EndGlobalSection
	GlobalSection(SolutionProperties) = preSolution
		HideSolutionNode = FALSE
	EndGlobalSection
	GlobalSection(ExtensibilityGlobals) = postSolution
		SolutionGuid = {E02EAD6C-396B-422E-8C8E-3BBEB27DB92D}
	EndGlobalSection
EndGlobal
